
Microsoft Visual Studio Solution File, Format Version 12.00
# Visual Studio Version 17
VisualStudioVersion = 17.14.36221.1 d17.14
MinimumVisualStudioVersion = 10.0.40219.1
Project("{FAE04EC0-301F-11D3-BF4B-00C04F79EFBC}") = "PumpFunSniper", "PumpFunSniper.csproj", "{7062C881-0231-4D8B-9B19-C07E250CC833}"
EndProject
Global
	GlobalSection(SolutionConfigurationPlatforms) = preSolution
		Debug|Any CPU = Debug|Any CPU
		Release|Any CPU = Release|Any CPU
	EndGlobalSection
	GlobalSection(ProjectConfigurationPlatforms) = postSolution
		{7062C881-0231-4D8B-9B19-C07E250CC833}.Debug|Any CPU.ActiveCfg = Debug|Any CPU
		{7062C881-0231-4D8B-9B19-C07E250CC833}.Debug|Any CPU.Build.0 = Debug|Any CPU
		{7062C881-0231-4D8B-9B19-C07E250CC833}.Release|Any CPU.ActiveCfg = Release|Any CPU
		{7062C881-0231-4D8B-9B19-C07E250CC833}.Release|Any CPU.Build.0 = Release|Any CPU
	EndGlobalSection
	GlobalSection(SolutionProperties) = preSolution
		HideSolutionNode = FALSE
	EndGlobalSection
	GlobalSection(ExtensibilityGlobals) = postSolution
		SolutionGuid = {DE577DCA-97C0-4F9D-9FE7-6EBA47918CD9}
	EndGlobalSection
EndGlobal
